// !$*UTF8*$!
{
	archiveVersion = 1;
	classes = {
	};
	objectVersion = 48;
	objects = {

/* Begin PBXBuildFile section */
		185370CD204FBCD10082159D /* Twitter.plist in Resources */ = {isa = PBXBuildFile; fileRef = 185370CC204FBCD10082159D /* Twitter.plist */; };
		1874A7C2204E921D0079C279 /* AppDelegate.swift in Sources */ = {isa = PBXBuildFile; fileRef = 1874A7C1204E921D0079C279 /* AppDelegate.swift */; };
		1874A7C4204E921D0079C279 /* ViewController.swift in Sources */ = {isa = PBXBuildFile; fileRef = 1874A7C3204E921D0079C279 /* ViewController.swift */; };
		1874A7C7204E921E0079C279 /* Main.storyboard in Resources */ = {isa = PBXBuildFile; fileRef = 1874A7C5204E921E0079C279 /* Main.storyboard */; };
		1874A7CA204E921E0079C279 /* GoAnyWhere.xcdatamodeld in Sources */ = {isa = PBXBuildFile; fileRef = 1874A7C8204E921E0079C279 /* GoAnyWhere.xcdatamodeld */; };
		1874A7CC204E921E0079C279 /* Assets.xcassets in Resources */ = {isa = PBXBuildFile; fileRef = 1874A7CB204E921E0079C279 /* Assets.xcassets */; };
		1874A7CF204E921E0079C279 /* LaunchScreen.storyboard in Resources */ = {isa = PBXBuildFile; fileRef = 1874A7CD204E921E0079C279 /* LaunchScreen.storyboard */; };
		1874A7DC204E94300079C279 /* Localizable.strings in Resources */ = {isa = PBXBuildFile; fileRef = 1874A7DA204E94300079C279 /* Localizable.strings */; };
		18BA2DBE204EC03F00C4861E /* SafariServices.framework in Frameworks */ = {isa = PBXBuildFile; fileRef = 18BA2DBD204EC03F00C4861E /* SafariServices.framework */; };
		3A83CB5C22BAC3C3BEEF285F /* Pods_GoAnyWhere.framework in Frameworks */ = {isa = PBXBuildFile; fileRef = C6F1D618D25FD4BFCED05F0C /* Pods_GoAnyWhere.framework */; };
/* End PBXBuildFile section */

/* Begin PBXFileReference section */
		185370CC204FBCD10082159D /* Twitter.plist */ = {isa = PBXFileReference; lastKnownFileType = text.plist.xml; path = Twitter.plist; sourceTree = "<group>"; };
		1874A7BE204E921D0079C279 /* GoAnyWhere.app */ = {isa = PBXFileReference; explicitFileType = wrapper.application; includeInIndex = 0; path = GoAnyWhere.app; sourceTree = BUILT_PRODUCTS_DIR; };
		1874A7C1204E921D0079C279 /* AppDelegate.swift */ = {isa = PBXFileReference; lastKnownFileType = sourcecode.swift; path = AppDelegate.swift; sourceTree = "<group>"; };
		1874A7C3204E921D0079C279 /* ViewController.swift */ = {isa = PBXFileReference; lastKnownFileType = sourcecode.swift; path = ViewController.swift; sourceTree = "<group>"; };
		1874A7C6204E921E0079C279 /* Base */ = {isa = PBXFileReference; lastKnownFileType = file.storyboard; name = Base; path = Base.lproj/Main.storyboard; sourceTree = "<group>"; };
		1874A7C9204E921E0079C279 /* GoAnyWhere.xcdatamodel */ = {isa = PBXFileReference; lastKnownFileType = wrapper.xcdatamodel; path = GoAnyWhere.xcdatamodel; sourceTree = "<group>"; };
		1874A7CB204E921E0079C279 /* Assets.xcassets */ = {isa = PBXFileReference; lastKnownFileType = folder.assetcatalog; path = Assets.xcassets; sourceTree = "<group>"; };
		1874A7CE204E921E0079C279 /* Base */ = {isa = PBXFileReference; lastKnownFileType = file.storyboard; name = Base; path = Base.lproj/LaunchScreen.storyboard; sourceTree = "<group>"; };
		1874A7D0204E921E0079C279 /* Info.plist */ = {isa = PBXFileReference; lastKnownFileType = text.plist.xml; path = Info.plist; sourceTree = "<group>"; };
		1874A7D6204E92860079C279 /* fr */ = {isa = PBXFileReference; lastKnownFileType = text.plist.strings; name = fr; path = fr.lproj/Main.strings; sourceTree = "<group>"; };
		1874A7D7204E92860079C279 /* fr */ = {isa = PBXFileReference; lastKnownFileType = text.plist.strings; name = fr; path = fr.lproj/LaunchScreen.strings; sourceTree = "<group>"; };
		1874A7D8204E939C0079C279 /* es */ = {isa = PBXFileReference; lastKnownFileType = text.plist.strings; name = es; path = es.lproj/Main.strings; sourceTree = "<group>"; };
		1874A7D9204E939C0079C279 /* es */ = {isa = PBXFileReference; lastKnownFileType = text.plist.strings; name = es; path = es.lproj/LaunchScreen.strings; sourceTree = "<group>"; };
		1874A7DB204E94300079C279 /* Base */ = {isa = PBXFileReference; lastKnownFileType = text.plist.strings; name = Base; path = GoAnyWhere/Base.lproj/Localizable.strings; sourceTree = "<group>"; };
		1874A7DD204E944B0079C279 /* fr */ = {isa = PBXFileReference; lastKnownFileType = text.plist.strings; name = fr; path = GoAnyWhere/fr.lproj/Localizable.strings; sourceTree = "<group>"; };
		1874A7DE204E944D0079C279 /* es */ = {isa = PBXFileReference; lastKnownFileType = text.plist.strings; name = es; path = GoAnyWhere/es.lproj/Localizable.strings; sourceTree = "<group>"; };
		18BA2DBC204EBEF800C4861E /* GoAnyWhere-Bridging-Header.h */ = {isa = PBXFileReference; lastKnownFileType = sourcecode.c.h; path = "GoAnyWhere-Bridging-Header.h"; sourceTree = "<group>"; };
		18BA2DBD204EC03F00C4861E /* SafariServices.framework */ = {isa = PBXFileReference; lastKnownFileType = wrapper.framework; name = SafariServices.framework; path = System/Library/Frameworks/SafariServices.framework; sourceTree = SDKROOT; };
		3902EB1973AD946F6603E6B2 /* Pods-GoAnyWhere.release.xcconfig */ = {isa = PBXFileReference; includeInIndex = 1; lastKnownFileType = text.xcconfig; name = "Pods-GoAnyWhere.release.xcconfig"; path = "Pods/Target Support Files/Pods-GoAnyWhere/Pods-GoAnyWhere.release.xcconfig"; sourceTree = "<group>"; };
		ABDB12C39ECEE7DDBC267A36 /* Pods-GoAnyWhere.debug.xcconfig */ = {isa = PBXFileReference; includeInIndex = 1; lastKnownFileType = text.xcconfig; name = "Pods-GoAnyWhere.debug.xcconfig"; path = "Pods/Target Support Files/Pods-GoAnyWhere/Pods-GoAnyWhere.debug.xcconfig"; sourceTree = "<group>"; };
		C6F1D618D25FD4BFCED05F0C /* Pods_GoAnyWhere.framework */ = {isa = PBXFileReference; explicitFileType = wrapper.framework; includeInIndex = 0; path = Pods_GoAnyWhere.framework; sourceTree = BUILT_PRODUCTS_DIR; };
/* End PBXFileReference section */

/* Begin PBXFrameworksBuildPhase section */
		1874A7BB204E921D0079C279 /* Frameworks */ = {
			isa = PBXFrameworksBuildPhase;
			buildActionMask = 2147483647;
			files = (
				18BA2DBE204EC03F00C4861E /* SafariServices.framework in Frameworks */,
				3A83CB5C22BAC3C3BEEF285F /* Pods_GoAnyWhere.framework in Frameworks */,
			);
			runOnlyForDeploymentPostprocessing = 0;
		};
/* End PBXFrameworksBuildPhase section */

/* Begin PBXGroup section */
		00C9C1B39DBE15E9D2B092D0 /* Frameworks */ = {
			isa = PBXGroup;
			children = (
				18BA2DBD204EC03F00C4861E /* SafariServices.framework */,
				C6F1D618D25FD4BFCED05F0C /* Pods_GoAnyWhere.framework */,
			);
			name = Frameworks;
			sourceTree = "<group>";
		};
		1874A7B5204E921D0079C279 = {
			isa = PBXGroup;
			children = (
				18BA2DBC204EBEF800C4861E /* GoAnyWhere-Bridging-Header.h */,
				1874A7DA204E94300079C279 /* Localizable.strings */,
				1874A7C0204E921D0079C279 /* GoAnyWhere */,
				1874A7BF204E921D0079C279 /* Products */,
				C686596DD581AEAE7F1607B0 /* Pods */,
				00C9C1B39DBE15E9D2B092D0 /* Frameworks */,
			);
			sourceTree = "<group>";
		};
		1874A7BF204E921D0079C279 /* Products */ = {
			isa = PBXGroup;
			children = (
				1874A7BE204E921D0079C279 /* GoAnyWhere.app */,
			);
			name = Products;
			sourceTree = "<group>";
		};
		1874A7C0204E921D0079C279 /* GoAnyWhere */ = {
			isa = PBXGroup;
			children = (
				1874A7C1204E921D0079C279 /* AppDelegate.swift */,
				1874A7C3204E921D0079C279 /* ViewController.swift */,
				185370CC204FBCD10082159D /* Twitter.plist */,
				1874A7C5204E921E0079C279 /* Main.storyboard */,
				1874A7CB204E921E0079C279 /* Assets.xcassets */,
				1874A7CD204E921E0079C279 /* LaunchScreen.storyboard */,
				1874A7D0204E921E0079C279 /* Info.plist */,
				1874A7C8204E921E0079C279 /* GoAnyWhere.xcdatamodeld */,
			);
			path = GoAnyWhere;
			sourceTree = "<group>";
		};
		C686596DD581AEAE7F1607B0 /* Pods */ = {
			isa = PBXGroup;
			children = (
				ABDB12C39ECEE7DDBC267A36 /* Pods-GoAnyWhere.debug.xcconfig */,
				3902EB1973AD946F6603E6B2 /* Pods-GoAnyWhere.release.xcconfig */,
			);
			name = Pods;
			sourceTree = "<group>";
		};
/* End PBXGroup section */

/* Begin PBXNativeTarget section */
		1874A7BD204E921D0079C279 /* GoAnyWhere */ = {
			isa = PBXNativeTarget;
			buildConfigurationList = 1874A7D3204E921E0079C279 /* Build configuration list for PBXNativeTarget "GoAnyWhere" */;
			buildPhases = (
				E8159FFB776E1E4BCD722AEC /* [CP] Check Pods Manifest.lock */,
				1874A7BA204E921D0079C279 /* Sources */,
				1874A7BB204E921D0079C279 /* Frameworks */,
				1874A7BC204E921D0079C279 /* Resources */,
				D29EF4DF5347C24B7F0D2A37 /* [CP] Embed Pods Frameworks */,
				29B548F2706DAC634834FFC9 /* [CP] Copy Pods Resources */,
			);
			buildRules = (
			);
			dependencies = (
			);
			name = GoAnyWhere;
			productName = GoAnyWhere;
			productReference = 1874A7BE204E921D0079C279 /* GoAnyWhere.app */;
			productType = "com.apple.product-type.application";
		};
/* End PBXNativeTarget section */

/* Begin PBXProject section */
		1874A7B6204E921D0079C279 /* Project object */ = {
			isa = PBXProject;
			attributes = {
				LastSwiftUpdateCheck = 0920;
				LastUpgradeCheck = 0920;
				ORGANIZATIONNAME = Reubro;
				TargetAttributes = {
					1874A7BD204E921D0079C279 = {
						CreatedOnToolsVersion = 9.2;
						ProvisioningStyle = Automatic;
					};
				};
			};
			buildConfigurationList = 1874A7B9204E921D0079C279 /* Build configuration list for PBXProject "GoAnyWhere" */;
			compatibilityVersion = "Xcode 8.0";
			developmentRegion = en;
			hasScannedForEncodings = 0;
			knownRegions = (
				en,
				Base,
				fr,
				es,
			);
			mainGroup = 1874A7B5204E921D0079C279;
			productRefGroup = 1874A7BF204E921D0079C279 /* Products */;
			projectDirPath = "";
			projectRoot = "";
			targets = (
				1874A7BD204E921D0079C279 /* GoAnyWhere */,
			);
		};
/* End PBXProject section */

/* Begin PBXResourcesBuildPhase section */
		1874A7BC204E921D0079C279 /* Resources */ = {
			isa = PBXResourcesBuildPhase;
			buildActionMask = 2147483647;
			files = (
				1874A7CF204E921E0079C279 /* LaunchScreen.storyboard in Resources */,
				1874A7DC204E94300079C279 /* Localizable.strings in Resources */,
				185370CD204FBCD10082159D /* Twitter.plist in Resources */,
				1874A7CC204E921E0079C279 /* Assets.xcassets in Resources */,
				1874A7C7204E921E0079C279 /* Main.storyboard in Resources */,
			);
			runOnlyForDeploymentPostprocessing = 0;
		};
/* End PBXResourcesBuildPhase section */

/* Begin PBXShellScriptBuildPhase section */
		29B548F2706DAC634834FFC9 /* [CP] Copy Pods Resources */ = {
			isa = PBXShellScriptBuildPhase;
			buildActionMask = 2147483647;
			files = (
			);
			inputPaths = (
			);
			name = "[CP] Copy Pods Resources";
			outputPaths = (
			);
			runOnlyForDeploymentPostprocessing = 0;
			shellPath = /bin/sh;
			shellScript = "\"${SRCROOT}/Pods/Target Support Files/Pods-GoAnyWhere/Pods-GoAnyWhere-resources.sh\"\n";
			showEnvVarsInLog = 0;
		};
		D29EF4DF5347C24B7F0D2A37 /* [CP] Embed Pods Frameworks */ = {
			isa = PBXShellScriptBuildPhase;
			buildActionMask = 2147483647;
			files = (
			);
			inputPaths = (
			);
			name = "[CP] Embed Pods Frameworks";
			outputPaths = (
			);
			runOnlyForDeploymentPostprocessing = 0;
			shellPath = /bin/sh;
			shellScript = "\"${SRCROOT}/Pods/Target Support Files/Pods-GoAnyWhere/Pods-GoAnyWhere-frameworks.sh\"\n";
			showEnvVarsInLog = 0;
		};
		E8159FFB776E1E4BCD722AEC /* [CP] Check Pods Manifest.lock */ = {
			isa = PBXShellScriptBuildPhase;
			buildActionMask = 2147483647;
			files = (
			);
			inputPaths = (
			);
			name = "[CP] Check Pods Manifest.lock";
			outputPaths = (
			);
			runOnlyForDeploymentPostprocessing = 0;
			shellPath = /bin/sh;
			shellScript = "diff \"${PODS_PODFILE_DIR_PATH}/Podfile.lock\" \"${PODS_ROOT}/Manifest.lock\" > /dev/null\nif [ $? != 0 ] ; then\n    # print error to STDERR\n    echo \"error: The sandbox is not in sync with the Podfile.lock. Run 'pod install' or update your CocoaPods installation.\" >&2\n    exit 1\nfi\n";
			showEnvVarsInLog = 0;
		};
/* End PBXShellScriptBuildPhase section */

/* Begin PBXSourcesBuildPhase section */
		1874A7BA204E921D0079C279 /* Sources */ = {
			isa = PBXSourcesBuildPhase;
			buildActionMask = 2147483647;
			files = (
				1874A7CA204E921E0079C279 /* GoAnyWhere.xcdatamodeld in Sources */,
				1874A7C4204E921D0079C279 /* ViewController.swift in Sources */,
				1874A7C2204E921D0079C279 /* AppDelegate.swift in Sources */,
			);
			runOnlyForDeploymentPostprocessing = 0;
		};
/* End PBXSourcesBuildPhase section */

/* Begin PBXVariantGroup section */
		1874A7C5204E921E0079C279 /* Main.storyboard */ = {
			isa = PBXVariantGroup;
			children = (
				1874A7C6204E921E0079C279 /* Base */,
				1874A7D6204E92860079C279 /* fr */,
				1874A7D8204E939C0079C279 /* es */,
			);
			name = Main.storyboard;
			sourceTree = "<group>";
		};
		1874A7CD204E921E0079C279 /* LaunchScreen.storyboard */ = {
			isa = PBXVariantGroup;
			children = (
				1874A7CE204E921E0079C279 /* Base */,
				1874A7D7204E92860079C279 /* fr */,
				1874A7D9204E939C0079C279 /* es */,
			);
			name = LaunchScreen.storyboard;
			sourceTree = "<group>";
		};
		1874A7DA204E94300079C279 /* Localizable.strings */ = {
			isa = PBXVariantGroup;
			children = (
				1874A7DB204E94300079C279 /* Base */,
				1874A7DD204E944B0079C279 /* fr */,
				1874A7DE204E944D0079C279 /* es */,
			);
			name = Localizable.strings;
			sourceTree = "<group>";
		};
/* End PBXVariantGroup section */

/* Begin XCBuildConfiguration section */
		1874A7D1204E921E0079C279 /* Debug */ = {
			isa = XCBuildConfiguration;
			buildSettings = {
				ALWAYS_SEARCH_USER_PATHS = NO;
				CLANG_ANALYZER_LOCALIZABILITY_NONLOCALIZED = YES;
				CLANG_ANALYZER_NONNULL = YES;
				CLANG_ANALYZER_NUMBER_OBJECT_CONVERSION = YES_AGGRESSIVE;
				CLANG_CXX_LANGUAGE_STANDARD = "gnu++14";
				CLANG_CXX_LIBRARY = "libc++";
				CLANG_ENABLE_MODULES = YES;
				CLANG_ENABLE_OBJC_ARC = YES;
				CLANG_WARN_BLOCK_CAPTURE_AUTORELEASING = YES;
				CLANG_WARN_BOOL_CONVERSION = YES;
				CLANG_WARN_COMMA = YES;
				CLANG_WARN_CONSTANT_CONVERSION = YES;
				CLANG_WARN_DIRECT_OBJC_ISA_USAGE = YES_ERROR;
				CLANG_WARN_DOCUMENTATION_COMMENTS = YES;
				CLANG_WARN_EMPTY_BODY = YES;
				CLANG_WARN_ENUM_CONVERSION = YES;
				CLANG_WARN_INFINITE_RECURSION = YES;
				CLANG_WARN_INT_CONVERSION = YES;
				CLANG_WARN_NON_LITERAL_NULL_CONVERSION = YES;
				CLANG_WARN_OBJC_LITERAL_CONVERSION = YES;
				CLANG_WARN_OBJC_ROOT_CLASS = YES_ERROR;
				CLANG_WARN_RANGE_LOOP_ANALYSIS = YES;
				CLANG_WARN_STRICT_PROTOTYPES = YES;
				CLANG_WARN_SUSPICIOUS_MOVE = YES;
				CLANG_WARN_UNGUARDED_AVAILABILITY = YES_AGGRESSIVE;
				CLANG_WARN_UNREACHABLE_CODE = YES;
				CLANG_WARN__DUPLICATE_METHOD_MATCH = YES;
				CODE_SIGN_IDENTITY = "iPhone Developer";
				COPY_PHASE_STRIP = NO;
				DEBUG_INFORMATION_FORMAT = dwarf;
				ENABLE_STRICT_OBJC_MSGSEND = YES;
				ENABLE_TESTABILITY = YES;
				GCC_C_LANGUAGE_STANDARD = gnu11;
				GCC_DYNAMIC_NO_PIC = NO;
				GCC_NO_COMMON_BLOCKS = YES;
				GCC_OPTIMIZATION_LEVEL = 0;
				GCC_PREPROCESSOR_DEFINITIONS = (
					"DEBUG=1",
					"$(inherited)",
				);
				GCC_WARN_64_TO_32_BIT_CONVERSION = YES;
				GCC_WARN_ABOUT_RETURN_TYPE = YES_ERROR;
				GCC_WARN_UNDECLARED_SELECTOR = YES;
				GCC_WARN_UNINITIALIZED_AUTOS = YES_AGGRESSIVE;
				GCC_WARN_UNUSED_FUNCTION = YES;
				GCC_WARN_UNUSED_VARIABLE = YES;
				IPHONEOS_DEPLOYMENT_TARGET = 11.2;
				MTL_ENABLE_DEBUG_INFO = YES;
				ONLY_ACTIVE_ARCH = YES;
				SDKROOT = iphoneos;
				SWIFT_ACTIVE_COMPILATION_CONDITIONS = DEBUG;
				SWIFT_OPTIMIZATION_LEVEL = "-Onone";
			};
			name = Debug;
		};
		1874A7D2204E921E0079C279 /* Release */ = {
			isa = XCBuildConfiguration;
			buildSettings = {
				ALWAYS_SEARCH_USER_PATHS = NO;
				CLANG_ANALYZER_LOCALIZABILITY_NONLOCALIZED = YES;
				CLANG_ANALYZER_NONNULL = YES;
				CLANG_ANALYZER_NUMBER_OBJECT_CONVERSION = YES_AGGRESSIVE;
				CLANG_CXX_LANGUAGE_STANDARD = "gnu++14";
				CLANG_CXX_LIBRARY = "libc++";
				CLANG_ENABLE_MODULES = YES;
				CLANG_ENABLE_OBJC_ARC = YES;
				CLANG_WARN_BLOCK_CAPTURE_AUTORELEASING = YES;
				CLANG_WARN_BOOL_CONVERSION = YES;
				CLANG_WARN_COMMA = YES;
				CLANG_WARN_CONSTANT_CONVERSION = YES;
				CLANG_WARN_DIRECT_OBJC_ISA_USAGE = YES_ERROR;
				CLANG_WARN_DOCUMENTATION_COMMENTS = YES;
				CLANG_WARN_EMPTY_BODY = YES;
				CLANG_WARN_ENUM_CONVERSION = YES;
				CLANG_WARN_INFINITE_RECURSION = YES;
				CLANG_WARN_INT_CONVERSION = YES;
				CLANG_WARN_NON_LITERAL_NULL_CONVERSION = YES;
				CLANG_WARN_OBJC_LITERAL_CONVERSION = YES;
				CLANG_WARN_OBJC_ROOT_CLASS = YES_ERROR;
				CLANG_WARN_RANGE_LOOP_ANALYSIS = YES;
				CLANG_WARN_STRICT_PROTOTYPES = YES;
				CLANG_WARN_SUSPICIOUS_MOVE = YES;
				CLANG_WARN_UNGUARDED_AVAILABILITY = YES_AGGRESSIVE;
				CLANG_WARN_UNREACHABLE_CODE = YES;
				CLANG_WARN__DUPLICATE_METHOD_MATCH = YES;
				CODE_SIGN_IDENTITY = "iPhone Developer";
				COPY_PHASE_STRIP = NO;
				DEBUG_INFORMATION_FORMAT = "dwarf-with-dsym";
				ENABLE_NS_ASSERTIONS = NO;
				ENABLE_STRICT_OBJC_MSGSEND = YES;
				GCC_C_LANGUAGE_STANDARD = gnu11;
				GCC_NO_COMMON_BLOCKS = YES;
				GCC_WARN_64_TO_32_BIT_CONVERSION = YES;
				GCC_WARN_ABOUT_RETURN_TYPE = YES_ERROR;
				GCC_WARN_UNDECLARED_SELECTOR = YES;
				GCC_WARN_UNINITIALIZED_AUTOS = YES_AGGRESSIVE;
				GCC_WARN_UNUSED_FUNCTION = YES;
				GCC_WARN_UNUSED_VARIABLE = YES;
				IPHONEOS_DEPLOYMENT_TARGET = 11.2;
				MTL_ENABLE_DEBUG_INFO = NO;
				SDKROOT = iphoneos;
				SWIFT_OPTIMIZATION_LEVEL = "-Owholemodule";
				VALIDATE_PRODUCT = YES;
			};
			name = Release;
		};
		1874A7D4204E921E0079C279 /* Debug */ = {
			isa = XCBuildConfiguration;
			baseConfigurationReference = ABDB12C39ECEE7DDBC267A36 /* Pods-GoAnyWhere.debug.xcconfig */;
			buildSettings = {
				ASSETCATALOG_COMPILER_APPICON_NAME = AppIcon;
				CODE_SIGN_STYLE = Automatic;
				DEVELOPMENT_TEAM = DQTX7SGDK4;
				INFOPLIST_FILE = GoAnyWhere/Info.plist;
				LD_RUNPATH_SEARCH_PATHS = "$(inherited) @executable_path/Frameworks";
				PRODUCT_BUNDLE_IDENTIFIER = com.reubro.goanywhere.GoAnyWhere;
				PRODUCT_NAME = "$(TARGET_NAME)";
				SWIFT_OBJC_BRIDGING_HEADER = "GoAnyWhere-Bridging-Header.h";
				SWIFT_VERSION = 4.0;
				TARGETED_DEVICE_FAMILY = "1,2";
			};
			name = Debug;
		};
		1874A7D5204E921E0079C279 /* Release */ = {
			isa = XCBuildConfiguration;
			baseConfigurationReference = 3902EB1973AD946F6603E6B2 /* Pods-GoAnyWhere.release.xcconfig */;
			buildSettings = {
				ASSETCATALOG_COMPILER_APPICON_NAME = AppIcon;
				CODE_SIGN_STYLE = Automatic;
				DEVELOPMENT_TEAM = DQTX7SGDK4;
				INFOPLIST_FILE = GoAnyWhere/Info.plist;
				LD_RUNPATH_SEARCH_PATHS = "$(inherited) @executable_path/Frameworks";
				PRODUCT_BUNDLE_IDENTIFIER = com.reubro.goanywhere.GoAnyWhere;
				PRODUCT_NAME = "$(TARGET_NAME)";
				SWIFT_OBJC_BRIDGING_HEADER = "GoAnyWhere-Bridging-Header.h";
				SWIFT_VERSION = 4.0;
				TARGETED_DEVICE_FAMILY = "1,2";
			};
			name = Release;
		};
/* End XCBuildConfiguration section */

/* Begin XCConfigurationList section */
		1874A7B9204E921D0079C279 /* Build configuration list for PBXProject "GoAnyWhere" */ = {
			isa = XCConfigurationList;
			buildConfigurations = (
				1874A7D1204E921E0079C279 /* Debug */,
				1874A7D2204E921E0079C279 /* Release */,
			);
			defaultConfigurationIsVisible = 0;
			defaultConfigurationName = Release;
		};
		1874A7D3204E921E0079C279 /* Build configuration list for PBXNativeTarget "GoAnyWhere" */ = {
			isa = XCConfigurationList;
			buildConfigurations = (
				1874A7D4204E921E0079C279 /* Debug */,
				1874A7D5204E921E0079C279 /* Release */,
			);
			defaultConfigurationIsVisible = 0;
			defaultConfigurationName = Release;
		};
/* End XCConfigurationList section */

/* Begin XCVersionGroup section */
		1874A7C8204E921E0079C279 /* GoAnyWhere.xcdatamodeld */ = {
			isa = XCVersionGroup;
			children = (
				1874A7C9204E921E0079C279 /* GoAnyWhere.xcdatamodel */,
			);
			currentVersion = 1874A7C9204E921E0079C279 /* GoAnyWhere.xcdatamodel */;
			path = GoAnyWhere.xcdatamodeld;
			sourceTree = "<group>";
			versionGroupType = wrapper.xcdatamodel;
		};
/* End XCVersionGroup section */
	};
	rootObject = 1874A7B6204E921D0079C279 /* Project object */;
}
